{
  "name": "HuffmanCoding-Decoding",
  "lockfileVersion": 2,
  "requires": true,
  "packages": {
    "": {
      "dependencies": {
        "two.js": "^0.7.12"
      }
    },
    "node_modules/two.js": {
      "version": "0.7.12",
      "resolved": "https://registry.npmjs.org/two.js/-/two.js-0.7.12.tgz",
      "integrity": "sha512-TJsbTY/ZcsttYATkiw7sAfCZ0TE+XZB1ysTxbRj/WKGq1AwnfbFLlsbtnQ4TwqcaWhd4i0OScrcnD4JZLjIK+w=="
    }
  },
  "dependencies": {
    "two.js": {
      "version": "0.7.12",
      "resolved": "https://registry.npmjs.org/two.js/-/two.js-0.7.12.tgz",
      "integrity": "sha512-TJsbTY/ZcsttYATkiw7sAfCZ0TE+XZB1ysTxbRj/WKGq1AwnfbFLlsbtnQ4TwqcaWhd4i0OScrcnD4JZLjIK+w=="
    }
  }
}
